
Microsoft Visual Studio Solution File, Format Version 12.00
# Visual Studio Version 17
VisualStudioVersion = 17.11.35303.130
MinimumVisualStudioVersion = 10.0.40219.1
Project("{2150E333-8FDC-42A3-9474-1A3956D46DE8}") = "Task0", "Task0", "{7FADE2A8-93B1-4429-A842-46D6CD19F719}"
EndProject
Project("{9A19103F-16F7-4668-BE54-9A1E7A4F7556}") = "Tyuiu.BerezovskayaGO.Sprint1.Task0.V7", "Tyuiu.BerezovskayaGO.Sprint1.Task0.V7\Tyuiu.BerezovskayaGO.Sprint1.Task0.V7.csproj", "{B537A996-A8AC-4E1A-99DE-DCD2FD1BB6BE}"
EndProject
Project("{9A19103F-16F7-4668-BE54-9A1E7A4F7556}") = "Tyuiu.BerezovskayaGO.Sprint1.Task0.V7.Lib", "Tyuiu.BerezovskayaGO.Sprint1.Task0.V7.Lib\Tyuiu.BerezovskayaGO.Sprint1.Task0.V7.Lib.csproj", "{D617E96A-5F3D-438D-8014-6AF0985A6D82}"
EndProject
Project("{9A19103F-16F7-4668-BE54-9A1E7A4F7556}") = "Tyuiu.BerezovskayaGO.Sprint1.Task0.V7.Test", "Tyuiu.BerezovskayaGO.Sprint1.Task0.V7.Test\Tyuiu.BerezovskayaGO.Sprint1.Task0.V7.Test.csproj", "{55E7D8C9-BEF7-4107-ABA9-8BD1022EF585}"
EndProject
Project("{2150E333-8FDC-42A3-9474-1A3956D46DE8}") = "Task1", "Task1", "{BFB1BB25-824C-437E-85A7-033320FA9AF7}"
EndProject
Project("{9A19103F-16F7-4668-BE54-9A1E7A4F7556}") = "Tyuiu.BerezovskayaGO.Sprint1.Task1.V18", "Tyuiu.BerezovskayaGO.Sprint1.Task1.V18\Tyuiu.BerezovskayaGO.Sprint1.Task1.V18.csproj", "{36677054-4331-44EA-B122-31F4C5EB4CEE}"
EndProject
Project("{9A19103F-16F7-4668-BE54-9A1E7A4F7556}") = "Tyuiu.BerezovskayaGO.Sprint1.Task1.V18.Lib", "Tyuiu.BerezovskayaGO.Sprint1.Task1.V18.Lib\Tyuiu.BerezovskayaGO.Sprint1.Task1.V18.Lib.csproj", "{780F9D52-F201-4054-8659-0AEC22C837D7}"
EndProject
Project("{9A19103F-16F7-4668-BE54-9A1E7A4F7556}") = "Tyuiu.BerezovskayaGO.Sprint1.Task1.V18.Test", "Tyuiu.BerezovskayaGO.Sprint1.Task1.V18.Test\Tyuiu.BerezovskayaGO.Sprint1.Task1.V18.Test.csproj", "{29AA86EC-1785-4E01-BFDF-E023378613B1}"
EndProject
Project("{2150E333-8FDC-42A3-9474-1A3956D46DE8}") = "Task2", "Task2", "{95F87C21-8FE0-488E-A59F-CF7BCE5E828D}"
EndProject
Project("{9A19103F-16F7-4668-BE54-9A1E7A4F7556}") = "Tyuiu.BerezovskayaGO.Sprint1.Task2.V6", "Tyuiu.BerezovskayaGO.Sprint1.Task2.V6\Tyuiu.BerezovskayaGO.Sprint1.Task2.V6.csproj", "{D4833C9F-339F-4C1A-AA0B-524D28072522}"
EndProject
Project("{9A19103F-16F7-4668-BE54-9A1E7A4F7556}") = "Tyuiu.BerezovskayaGO.Sprint1.Task2.V6.Lib", "Tyuiu.BerezovskayaGO.Sprint1.Task2.V6.Lib\Tyuiu.BerezovskayaGO.Sprint1.Task2.V6.Lib.csproj", "{EE3DB2C6-5AA2-4B59-8BC9-394104FEA17B}"
EndProject
Project("{9A19103F-16F7-4668-BE54-9A1E7A4F7556}") = "Tyuiu.BerezovskayaGO.Sprint1.Task2.V6.Test", "Tyuiu.BerezovskayaGO.Sprint1.Task2.V6.Test\Tyuiu.BerezovskayaGO.Sprint1.Task2.V6.Test.csproj", "{1E8E9AF2-7890-4F39-8944-ED650AC7C54B}"
EndProject
Project("{2150E333-8FDC-42A3-9474-1A3956D46DE8}") = "Task3", "Task3", "{67D1D39B-7A39-4C3C-8942-0190F381F187}"
EndProject
Project("{9A19103F-16F7-4668-BE54-9A1E7A4F7556}") = "Tyuiu.BerezovskayaGO.Sprint1.Task3.V17", "Tyuiu.BerezovskayaGO.Sprint1.Task3.V17\Tyuiu.BerezovskayaGO.Sprint1.Task3.V17.csproj", "{88F226A6-15C9-4C90-B775-76E249F7D481}"
EndProject
Project("{9A19103F-16F7-4668-BE54-9A1E7A4F7556}") = "Tyuiu.BerezovskayaGO.Sprint1.Task3.V17.Lib", "Tyuiu.BerezovskayaGO.Sprint1.Task3.V17.Lib\Tyuiu.BerezovskayaGO.Sprint1.Task3.V17.Lib.csproj", "{8D8F5BF1-A207-423E-A930-7E0B60ECAC09}"
EndProject
Project("{9A19103F-16F7-4668-BE54-9A1E7A4F7556}") = "Tyuiu.BerezovskayaGO.Sprint1.Task3.V17.Test", "Tyuiu.BerezovskayaGO.Sprint1.Task3.V17.Test\Tyuiu.BerezovskayaGO.Sprint1.Task3.V17.Test.csproj", "{BD457D67-17E8-4A7E-82E8-700A5EF838FE}"
EndProject
Project("{2150E333-8FDC-42A3-9474-1A3956D46DE8}") = "Task4", "Task4", "{2FA75BC4-B69D-48E8-93B5-65D7BAB1D28D}"
EndProject
Project("{9A19103F-16F7-4668-BE54-9A1E7A4F7556}") = "Tyuiu.BerezovskayaGO.Sprint1.Task4.V2", "Tyuiu.BerezovskayaGO.Sprint1.Task4.V2\Tyuiu.BerezovskayaGO.Sprint1.Task4.V2.csproj", "{6EA1353A-4A52-4A09-AE93-FB17EDEA59A9}"
EndProject
Project("{9A19103F-16F7-4668-BE54-9A1E7A4F7556}") = "Tyuiu.BerezovskayaGO.Sprint1.Task4.V2.Lib", "Tyuiu.BerezovskayaGO.Sprint1.Task4.V2.Lib\Tyuiu.BerezovskayaGO.Sprint1.Task4.V2.Lib.csproj", "{D01E30CA-F229-4B71-AA6E-0608B7643AE4}"
EndProject
Project("{9A19103F-16F7-4668-BE54-9A1E7A4F7556}") = "Tyuiu.BerezovskayaGO.Sprint1.Task4.V2.Test", "Tyuiu.BerezovskayaGO.Sprint1.Task4.V2.Test\Tyuiu.BerezovskayaGO.Sprint1.Task4.V2.Test.csproj", "{4983EF65-2677-4F3B-98F7-C3D38C6B36DB}"
EndProject
Project("{2150E333-8FDC-42A3-9474-1A3956D46DE8}") = "Task5", "Task5", "{0430A1E5-C3AA-406C-89C2-3152125C4A7F}"
EndProject
Project("{9A19103F-16F7-4668-BE54-9A1E7A4F7556}") = "Tyuiu.BerezovskayaGO.Sprint1.Task5.V4", "Tyuiu.BerezovskayaGO.Sprint1.Task5.V4\Tyuiu.BerezovskayaGO.Sprint1.Task5.V4.csproj", "{A40386C0-0570-4301-8427-4C7F502F6C3E}"
EndProject
Project("{9A19103F-16F7-4668-BE54-9A1E7A4F7556}") = "Tyuiu.BerezovskayaGO.Sprint1.Task5.V4.Lib", "Tyuiu.BerezovskayaGO.Sprint1.Task5.V4.Lib\Tyuiu.BerezovskayaGO.Sprint1.Task5.V4.Lib.csproj", "{FF4BF172-62AB-4642-BC55-EB1B930E4D7B}"
EndProject
Project("{9A19103F-16F7-4668-BE54-9A1E7A4F7556}") = "Tyuiu.BerezovskayaGO.Sprint1.Task5.V4.Test", "Tyuiu.BerezovskayaGO.Sprint1.Task5.V4.Test\Tyuiu.BerezovskayaGO.Sprint1.Task5.V4.Test.csproj", "{9B71079B-CA2C-4C12-9BC8-3A31AFB50A55}"
EndProject
Project("{2150E333-8FDC-42A3-9474-1A3956D46DE8}") = "Task6", "Task6", "{CF13ECE5-B39A-426C-A595-5ED934B7C6BF}"
EndProject
Project("{FAE04EC0-301F-11D3-BF4B-00C04F79EFBC}") = "Tyuiu.BerezovskayaGO.Sprint1.Task6.V17", "Tyuiu.BerezovskayaGO.Sprint1.Task6.V17\Tyuiu.BerezovskayaGO.Sprint1.Task6.V17.csproj", "{8107587F-5B2D-4AE5-9CF6-75D0329D0EE3}"
EndProject
Project("{FAE04EC0-301F-11D3-BF4B-00C04F79EFBC}") = "Tyuiu.BerezovskayaGO.Sprint1.Task6.V17.Lib", "Tyuiu.BerezovskayaGO.Sprint1.Task6.V17.Lib\Tyuiu.BerezovskayaGO.Sprint1.Task6.V17.Lib.csproj", "{9DE5D6F0-9AEE-4B2A-9724-FC6CF4DE193E}"
EndProject
Project("{FAE04EC0-301F-11D3-BF4B-00C04F79EFBC}") = "Tyuiu.BerezovskayaGO.Sprint1.Task6.V17.Test", "Tyuiu.BerezovskayaGO.Sprint1.Task6.V17.Test\Tyuiu.BerezovskayaGO.Sprint1.Task6.V17.Test.csproj", "{6DDA1B60-D5D6-42AA-8280-12121AEA5BA5}"
EndProject
Global
	GlobalSection(SolutionConfigurationPlatforms) = preSolution
		Debug|Any CPU = Debug|Any CPU
		Release|Any CPU = Release|Any CPU
	EndGlobalSection
	GlobalSection(ProjectConfigurationPlatforms) = postSolution
		{B537A996-A8AC-4E1A-99DE-DCD2FD1BB6BE}.Debug|Any CPU.ActiveCfg = Debug|Any CPU
		{B537A996-A8AC-4E1A-99DE-DCD2FD1BB6BE}.Debug|Any CPU.Build.0 = Debug|Any CPU
		{B537A996-A8AC-4E1A-99DE-DCD2FD1BB6BE}.Release|Any CPU.ActiveCfg = Release|Any CPU
		{B537A996-A8AC-4E1A-99DE-DCD2FD1BB6BE}.Release|Any CPU.Build.0 = Release|Any CPU
		{D617E96A-5F3D-438D-8014-6AF0985A6D82}.Debug|Any CPU.ActiveCfg = Debug|Any CPU
		{D617E96A-5F3D-438D-8014-6AF0985A6D82}.Debug|Any CPU.Build.0 = Debug|Any CPU
		{D617E96A-5F3D-438D-8014-6AF0985A6D82}.Release|Any CPU.ActiveCfg = Release|Any CPU
		{D617E96A-5F3D-438D-8014-6AF0985A6D82}.Release|Any CPU.Build.0 = Release|Any CPU
		{55E7D8C9-BEF7-4107-ABA9-8BD1022EF585}.Debug|Any CPU.ActiveCfg = Debug|Any CPU
		{55E7D8C9-BEF7-4107-ABA9-8BD1022EF585}.Debug|Any CPU.Build.0 = Debug|Any CPU
		{55E7D8C9-BEF7-4107-ABA9-8BD1022EF585}.Release|Any CPU.ActiveCfg = Release|Any CPU
		{55E7D8C9-BEF7-4107-ABA9-8BD1022EF585}.Release|Any CPU.Build.0 = Release|Any CPU
		{36677054-4331-44EA-B122-31F4C5EB4CEE}.Debug|Any CPU.ActiveCfg = Debug|Any CPU
		{36677054-4331-44EA-B122-31F4C5EB4CEE}.Debug|Any CPU.Build.0 = Debug|Any CPU
		{36677054-4331-44EA-B122-31F4C5EB4CEE}.Release|Any CPU.ActiveCfg = Release|Any CPU
		{36677054-4331-44EA-B122-31F4C5EB4CEE}.Release|Any CPU.Build.0 = Release|Any CPU
		{780F9D52-F201-4054-8659-0AEC22C837D7}.Debug|Any CPU.ActiveCfg = Debug|Any CPU
		{780F9D52-F201-4054-8659-0AEC22C837D7}.Debug|Any CPU.Build.0 = Debug|Any CPU
		{780F9D52-F201-4054-8659-0AEC22C837D7}.Release|Any CPU.ActiveCfg = Release|Any CPU
		{780F9D52-F201-4054-8659-0AEC22C837D7}.Release|Any CPU.Build.0 = Release|Any CPU
		{29AA86EC-1785-4E01-BFDF-E023378613B1}.Debug|Any CPU.ActiveCfg = Debug|Any CPU
		{29AA86EC-1785-4E01-BFDF-E023378613B1}.Debug|Any CPU.Build.0 = Debug|Any CPU
		{29AA86EC-1785-4E01-BFDF-E023378613B1}.Release|Any CPU.ActiveCfg = Release|Any CPU
		{29AA86EC-1785-4E01-BFDF-E023378613B1}.Release|Any CPU.Build.0 = Release|Any CPU
		{D4833C9F-339F-4C1A-AA0B-524D28072522}.Debug|Any CPU.ActiveCfg = Debug|Any CPU
		{D4833C9F-339F-4C1A-AA0B-524D28072522}.Debug|Any CPU.Build.0 = Debug|Any CPU
		{D4833C9F-339F-4C1A-AA0B-524D28072522}.Release|Any CPU.ActiveCfg = Release|Any CPU
		{D4833C9F-339F-4C1A-AA0B-524D28072522}.Release|Any CPU.Build.0 = Release|Any CPU
		{EE3DB2C6-5AA2-4B59-8BC9-394104FEA17B}.Debug|Any CPU.ActiveCfg = Debug|Any CPU
		{EE3DB2C6-5AA2-4B59-8BC9-394104FEA17B}.Debug|Any CPU.Build.0 = Debug|Any CPU
		{EE3DB2C6-5AA2-4B59-8BC9-394104FEA17B}.Release|Any CPU.ActiveCfg = Release|Any CPU
		{EE3DB2C6-5AA2-4B59-8BC9-394104FEA17B}.Release|Any CPU.Build.0 = Release|Any CPU
		{1E8E9AF2-7890-4F39-8944-ED650AC7C54B}.Debug|Any CPU.ActiveCfg = Debug|Any CPU
		{1E8E9AF2-7890-4F39-8944-ED650AC7C54B}.Debug|Any CPU.Build.0 = Debug|Any CPU
		{1E8E9AF2-7890-4F39-8944-ED650AC7C54B}.Release|Any CPU.ActiveCfg = Release|Any CPU
		{1E8E9AF2-7890-4F39-8944-ED650AC7C54B}.Release|Any CPU.Build.0 = Release|Any CPU
		{88F226A6-15C9-4C90-B775-76E249F7D481}.Debug|Any CPU.ActiveCfg = Debug|Any CPU
		{88F226A6-15C9-4C90-B775-76E249F7D481}.Debug|Any CPU.Build.0 = Debug|Any CPU
		{88F226A6-15C9-4C90-B775-76E249F7D481}.Release|Any CPU.ActiveCfg = Release|Any CPU
		{88F226A6-15C9-4C90-B775-76E249F7D481}.Release|Any CPU.Build.0 = Release|Any CPU
		{8D8F5BF1-A207-423E-A930-7E0B60ECAC09}.Debug|Any CPU.ActiveCfg = Debug|Any CPU
		{8D8F5BF1-A207-423E-A930-7E0B60ECAC09}.Debug|Any CPU.Build.0 = Debug|Any CPU
		{8D8F5BF1-A207-423E-A930-7E0B60ECAC09}.Release|Any CPU.ActiveCfg = Release|Any CPU
		{8D8F5BF1-A207-423E-A930-7E0B60ECAC09}.Release|Any CPU.Build.0 = Release|Any CPU
		{BD457D67-17E8-4A7E-82E8-700A5EF838FE}.Debug|Any CPU.ActiveCfg = Debug|Any CPU
		{BD457D67-17E8-4A7E-82E8-700A5EF838FE}.Debug|Any CPU.Build.0 = Debug|Any CPU
		{BD457D67-17E8-4A7E-82E8-700A5EF838FE}.Release|Any CPU.ActiveCfg = Release|Any CPU
		{BD457D67-17E8-4A7E-82E8-700A5EF838FE}.Release|Any CPU.Build.0 = Release|Any CPU
		{6EA1353A-4A52-4A09-AE93-FB17EDEA59A9}.Debug|Any CPU.ActiveCfg = Debug|Any CPU
		{6EA1353A-4A52-4A09-AE93-FB17EDEA59A9}.Debug|Any CPU.Build.0 = Debug|Any CPU
		{6EA1353A-4A52-4A09-AE93-FB17EDEA59A9}.Release|Any CPU.ActiveCfg = Release|Any CPU
		{6EA1353A-4A52-4A09-AE93-FB17EDEA59A9}.Release|Any CPU.Build.0 = Release|Any CPU
		{D01E30CA-F229-4B71-AA6E-0608B7643AE4}.Debug|Any CPU.ActiveCfg = Debug|Any CPU
		{D01E30CA-F229-4B71-AA6E-0608B7643AE4}.Debug|Any CPU.Build.0 = Debug|Any CPU
		{D01E30CA-F229-4B71-AA6E-0608B7643AE4}.Release|Any CPU.ActiveCfg = Release|Any CPU
		{D01E30CA-F229-4B71-AA6E-0608B7643AE4}.Release|Any CPU.Build.0 = Release|Any CPU
		{4983EF65-2677-4F3B-98F7-C3D38C6B36DB}.Debug|Any CPU.ActiveCfg = Debug|Any CPU
		{4983EF65-2677-4F3B-98F7-C3D38C6B36DB}.Debug|Any CPU.Build.0 = Debug|Any CPU
		{4983EF65-2677-4F3B-98F7-C3D38C6B36DB}.Release|Any CPU.ActiveCfg = Release|Any CPU
		{4983EF65-2677-4F3B-98F7-C3D38C6B36DB}.Release|Any CPU.Build.0 = Release|Any CPU
		{A40386C0-0570-4301-8427-4C7F502F6C3E}.Debug|Any CPU.ActiveCfg = Debug|Any CPU
		{A40386C0-0570-4301-8427-4C7F502F6C3E}.Debug|Any CPU.Build.0 = Debug|Any CPU
		{A40386C0-0570-4301-8427-4C7F502F6C3E}.Release|Any CPU.ActiveCfg = Release|Any CPU
		{A40386C0-0570-4301-8427-4C7F502F6C3E}.Release|Any CPU.Build.0 = Release|Any CPU
		{FF4BF172-62AB-4642-BC55-EB1B930E4D7B}.Debug|Any CPU.ActiveCfg = Debug|Any CPU
		{FF4BF172-62AB-4642-BC55-EB1B930E4D7B}.Debug|Any CPU.Build.0 = Debug|Any CPU
		{FF4BF172-62AB-4642-BC55-EB1B930E4D7B}.Release|Any CPU.ActiveCfg = Release|Any CPU
		{FF4BF172-62AB-4642-BC55-EB1B930E4D7B}.Release|Any CPU.Build.0 = Release|Any CPU
		{9B71079B-CA2C-4C12-9BC8-3A31AFB50A55}.Debug|Any CPU.ActiveCfg = Debug|Any CPU
		{9B71079B-CA2C-4C12-9BC8-3A31AFB50A55}.Debug|Any CPU.Build.0 = Debug|Any CPU
		{9B71079B-CA2C-4C12-9BC8-3A31AFB50A55}.Release|Any CPU.ActiveCfg = Release|Any CPU
		{9B71079B-CA2C-4C12-9BC8-3A31AFB50A55}.Release|Any CPU.Build.0 = Release|Any CPU
		{8107587F-5B2D-4AE5-9CF6-75D0329D0EE3}.Debug|Any CPU.ActiveCfg = Debug|Any CPU
		{8107587F-5B2D-4AE5-9CF6-75D0329D0EE3}.Debug|Any CPU.Build.0 = Debug|Any CPU
		{8107587F-5B2D-4AE5-9CF6-75D0329D0EE3}.Release|Any CPU.ActiveCfg = Release|Any CPU
		{8107587F-5B2D-4AE5-9CF6-75D0329D0EE3}.Release|Any CPU.Build.0 = Release|Any CPU
		{9DE5D6F0-9AEE-4B2A-9724-FC6CF4DE193E}.Debug|Any CPU.ActiveCfg = Debug|Any CPU
		{9DE5D6F0-9AEE-4B2A-9724-FC6CF4DE193E}.Debug|Any CPU.Build.0 = Debug|Any CPU
		{9DE5D6F0-9AEE-4B2A-9724-FC6CF4DE193E}.Release|Any CPU.ActiveCfg = Release|Any CPU
		{9DE5D6F0-9AEE-4B2A-9724-FC6CF4DE193E}.Release|Any CPU.Build.0 = Release|Any CPU
		{6DDA1B60-D5D6-42AA-8280-12121AEA5BA5}.Debug|Any CPU.ActiveCfg = Debug|Any CPU
		{6DDA1B60-D5D6-42AA-8280-12121AEA5BA5}.Debug|Any CPU.Build.0 = Debug|Any CPU
		{6DDA1B60-D5D6-42AA-8280-12121AEA5BA5}.Release|Any CPU.ActiveCfg = Release|Any CPU
		{6DDA1B60-D5D6-42AA-8280-12121AEA5BA5}.Release|Any CPU.Build.0 = Release|Any CPU
	EndGlobalSection
	GlobalSection(SolutionProperties) = preSolution
		HideSolutionNode = FALSE
	EndGlobalSection
	GlobalSection(NestedProjects) = preSolution
		{B537A996-A8AC-4E1A-99DE-DCD2FD1BB6BE} = {7FADE2A8-93B1-4429-A842-46D6CD19F719}
		{D617E96A-5F3D-438D-8014-6AF0985A6D82} = {7FADE2A8-93B1-4429-A842-46D6CD19F719}
		{55E7D8C9-BEF7-4107-ABA9-8BD1022EF585} = {7FADE2A8-93B1-4429-A842-46D6CD19F719}
		{36677054-4331-44EA-B122-31F4C5EB4CEE} = {BFB1BB25-824C-437E-85A7-033320FA9AF7}
		{780F9D52-F201-4054-8659-0AEC22C837D7} = {BFB1BB25-824C-437E-85A7-033320FA9AF7}
		{29AA86EC-1785-4E01-BFDF-E023378613B1} = {BFB1BB25-824C-437E-85A7-033320FA9AF7}
		{D4833C9F-339F-4C1A-AA0B-524D28072522} = {95F87C21-8FE0-488E-A59F-CF7BCE5E828D}
		{EE3DB2C6-5AA2-4B59-8BC9-394104FEA17B} = {95F87C21-8FE0-488E-A59F-CF7BCE5E828D}
		{1E8E9AF2-7890-4F39-8944-ED650AC7C54B} = {95F87C21-8FE0-488E-A59F-CF7BCE5E828D}
		{88F226A6-15C9-4C90-B775-76E249F7D481} = {67D1D39B-7A39-4C3C-8942-0190F381F187}
		{8D8F5BF1-A207-423E-A930-7E0B60ECAC09} = {67D1D39B-7A39-4C3C-8942-0190F381F187}
		{BD457D67-17E8-4A7E-82E8-700A5EF838FE} = {67D1D39B-7A39-4C3C-8942-0190F381F187}
		{6EA1353A-4A52-4A09-AE93-FB17EDEA59A9} = {2FA75BC4-B69D-48E8-93B5-65D7BAB1D28D}
		{D01E30CA-F229-4B71-AA6E-0608B7643AE4} = {2FA75BC4-B69D-48E8-93B5-65D7BAB1D28D}
		{4983EF65-2677-4F3B-98F7-C3D38C6B36DB} = {2FA75BC4-B69D-48E8-93B5-65D7BAB1D28D}
		{A40386C0-0570-4301-8427-4C7F502F6C3E} = {0430A1E5-C3AA-406C-89C2-3152125C4A7F}
		{FF4BF172-62AB-4642-BC55-EB1B930E4D7B} = {0430A1E5-C3AA-406C-89C2-3152125C4A7F}
		{9B71079B-CA2C-4C12-9BC8-3A31AFB50A55} = {0430A1E5-C3AA-406C-89C2-3152125C4A7F}
		{8107587F-5B2D-4AE5-9CF6-75D0329D0EE3} = {CF13ECE5-B39A-426C-A595-5ED934B7C6BF}
		{9DE5D6F0-9AEE-4B2A-9724-FC6CF4DE193E} = {CF13ECE5-B39A-426C-A595-5ED934B7C6BF}
		{6DDA1B60-D5D6-42AA-8280-12121AEA5BA5} = {CF13ECE5-B39A-426C-A595-5ED934B7C6BF}
	EndGlobalSection
	GlobalSection(ExtensibilityGlobals) = postSolution
		SolutionGuid = {2B06092F-F546-479A-9F19-2A9B5EEE6674}
	EndGlobalSection
EndGlobal
